
Microsoft Visual Studio Solution File, Format Version 12.00
# Visual Studio Version 17
VisualStudioVersion = 17.3.32901.215
MinimumVisualStudioVersion = 10.0.40219.1
Project("{FAE04EC0-301F-11D3-BF4B-00C04F79EFBC}") = "WinFormsApp1", "WinFormsApp1\WinFormsApp1.csproj", "{115ECE6F-81D3-4C74-9832-DD63AD374A73}"
EndProject
Global
	GlobalSection(SolutionConfigurationPlatforms) = preSolution
		Debug|Any CPU = Debug|Any CPU
		Release|Any CPU = Release|Any CPU
	EndGlobalSection
	GlobalSection(ProjectConfigurationPlatforms) = postSolution
		{115ECE6F-81D3-4C74-9832-DD63AD374A73}.Debug|Any CPU.ActiveCfg = Debug|Any CPU
		{115ECE6F-81D3-4C74-9832-DD63AD374A73}.Debug|Any CPU.Build.0 = Debug|Any CPU
		{115ECE6F-81D3-4C74-9832-DD63AD374A73}.Release|Any CPU.ActiveCfg = Release|Any CPU
		{115ECE6F-81D3-4C74-9832-DD63AD374A73}.Release|Any CPU.Build.0 = Release|Any CPU
	EndGlobalSection
	GlobalSection(SolutionProperties) = preSolution
		HideSolutionNode = FALSE
	EndGlobalSection
	GlobalSection(ExtensibilityGlobals) = postSolution
		SolutionGuid = {5DB5EEA3-6717-432D-8DAE-59A65BCF6955}
	EndGlobalSection
EndGlobal
