
Microsoft Visual Studio Solution File, Format Version 12.00
# Visual Studio Version 17
VisualStudioVersion = 17.3.32901.215
MinimumVisualStudioVersion = 10.0.40219.1
Project("{FAE04EC0-301F-11D3-BF4B-00C04F79EFBC}") = "ListaExercicio07", "ListaExercicio07\ListaExercicio07.csproj", "{D57FFABB-C7FA-4A7F-8DA9-25A24B3E2C20}"
EndProject
Global
	GlobalSection(SolutionConfigurationPlatforms) = preSolution
		Debug|Any CPU = Debug|Any CPU
		Release|Any CPU = Release|Any CPU
	EndGlobalSection
	GlobalSection(ProjectConfigurationPlatforms) = postSolution
		{D57FFABB-C7FA-4A7F-8DA9-25A24B3E2C20}.Debug|Any CPU.ActiveCfg = Debug|Any CPU
		{D57FFABB-C7FA-4A7F-8DA9-25A24B3E2C20}.Debug|Any CPU.Build.0 = Debug|Any CPU
		{D57FFABB-C7FA-4A7F-8DA9-25A24B3E2C20}.Release|Any CPU.ActiveCfg = Release|Any CPU
		{D57FFABB-C7FA-4A7F-8DA9-25A24B3E2C20}.Release|Any CPU.Build.0 = Release|Any CPU
	EndGlobalSection
	GlobalSection(SolutionProperties) = preSolution
		HideSolutionNode = FALSE
	EndGlobalSection
	GlobalSection(ExtensibilityGlobals) = postSolution
		SolutionGuid = {E9C6EA1C-2EE6-4BD9-B627-EC9A231DC361}
	EndGlobalSection
EndGlobal
