
Microsoft Visual Studio Solution File, Format Version 12.00
# Visual Studio Version 17
VisualStudioVersion = 17.3.32901.215
MinimumVisualStudioVersion = 10.0.40219.1
Project("{FAE04EC0-301F-11D3-BF4B-00C04F79EFBC}") = "ListaExercicio09", "ListaExercicio09\ListaExercicio09.csproj", "{E9FA5604-07E4-4908-8B2D-F13C669E14DE}"
EndProject
Global
	GlobalSection(SolutionConfigurationPlatforms) = preSolution
		Debug|Any CPU = Debug|Any CPU
		Release|Any CPU = Release|Any CPU
	EndGlobalSection
	GlobalSection(ProjectConfigurationPlatforms) = postSolution
		{E9FA5604-07E4-4908-8B2D-F13C669E14DE}.Debug|Any CPU.ActiveCfg = Debug|Any CPU
		{E9FA5604-07E4-4908-8B2D-F13C669E14DE}.Debug|Any CPU.Build.0 = Debug|Any CPU
		{E9FA5604-07E4-4908-8B2D-F13C669E14DE}.Release|Any CPU.ActiveCfg = Release|Any CPU
		{E9FA5604-07E4-4908-8B2D-F13C669E14DE}.Release|Any CPU.Build.0 = Release|Any CPU
	EndGlobalSection
	GlobalSection(SolutionProperties) = preSolution
		HideSolutionNode = FALSE
	EndGlobalSection
	GlobalSection(ExtensibilityGlobals) = postSolution
		SolutionGuid = {B9AB3A44-0D70-4A5C-B642-E62E95F93DE3}
	EndGlobalSection
EndGlobal
